Microsoft Visual Studio Solution File, Format Version 12.00
# Visual Studio Version 17
VisualStudioVersion = 17.5.2.0
MinimumVisualStudioVersion = 10.0.40219.1
Project("{2150E333-8FDC-42A3-9474-1A3956D46DE8}") = "src", "src", "{827E0CD3-B72D-47B6-A68D-7590B98EB39B}"
EndProject
Project("{FAE04EC0-301F-11D3-BF4B-00C04F79EFBC}") = "The Jewels of Attu-Kor", "src\The Jewels of Attu-Kor.csproj", "{3FE58C6E-BE1C-55D8-08D3-834124E0C48E}"
EndProject
Global
	GlobalSection(SolutionConfigurationPlatforms) = preSolution
		Debug|Any CPU = Debug|Any CPU
		Release|Any CPU = Release|Any CPU
	EndGlobalSection
	GlobalSection(ProjectConfigurationPlatforms) = postSolution
		{3FE58C6E-BE1C-55D8-08D3-834124E0C48E}.Debug|Any CPU.ActiveCfg = Debug|Any CPU
		{3FE58C6E-BE1C-55D8-08D3-834124E0C48E}.Debug|Any CPU.Build.0 = Debug|Any CPU
		{3FE58C6E-BE1C-55D8-08D3-834124E0C48E}.Release|Any CPU.ActiveCfg = Release|Any CPU
		{3FE58C6E-BE1C-55D8-08D3-834124E0C48E}.Release|Any CPU.Build.0 = Release|Any CPU
	EndGlobalSection
	GlobalSection(SolutionProperties) = preSolution
		HideSolutionNode = FALSE
	EndGlobalSection
	GlobalSection(NestedProjects) = preSolution
		{3FE58C6E-BE1C-55D8-08D3-834124E0C48E} = {827E0CD3-B72D-47B6-A68D-7590B98EB39B}
	EndGlobalSection
	GlobalSection(ExtensibilityGlobals) = postSolution
		SolutionGuid = {BAB3C6F8-F6E6-4510-9C58-963D1F82F7FA}
	EndGlobalSection
EndGlobal
